// !$*UTF8*$!
{
	archiveVersion = 1;
	classes = {
	};
	objectVersion = 48;
	objects = {

/* Begin PBXBuildFile section */
		135B3B92201B7AB9002B2F32 /* AppDelegate.swift in Sources */ = {isa = PBXBuildFile; fileRef = 135B3B91201B7AB9002B2F32 /* AppDelegate.swift */; };
		135B3B94201B7AB9002B2F32 /* ViewController.swift in Sources */ = {isa = PBXBuildFile; fileRef = 135B3B93201B7AB9002B2F32 /* ViewController.swift */; };
		135B3B97201B7AB9002B2F32 /* Main.storyboard in Resources */ = {isa = PBXBuildFile; fileRef = 135B3B95201B7AB9002B2F32 /* Main.storyboard */; };
		135B3B99201B7AB9002B2F32 /* Assets.xcassets in Resources */ = {isa = PBXBuildFile; fileRef = 135B3B98201B7AB9002B2F32 /* Assets.xcassets */; };
		135B3B9C201B7AB9002B2F32 /* LaunchScreen.storyboard in Resources */ = {isa = PBXBuildFile; fileRef = 135B3B9A201B7AB9002B2F32 /* LaunchScreen.storyboard */; };
/* End PBXBuildFile section */

/* Begin PBXFileReference section */
		135B3B8E201B7AB9002B2F32 /* HW3WithGitHub.app */ = {isa = PBXFileReference; explicitFileType = wrapper.application; includeInIndex = 0; path = HW3WithGitHub.app; sourceTree = BUILT_PRODUCTS_DIR; };
		135B3B91201B7AB9002B2F32 /* AppDelegate.swift */ = {isa = PBXFileReference; lastKnownFileType = sourcecode.swift; path = AppDelegate.swift; sourceTree = "<group>"; };
		135B3B93201B7AB9002B2F32 /* ViewController.swift */ = {isa = PBXFileReference; lastKnownFileType = sourcecode.swift; path = ViewController.swift; sourceTree = "<group>"; };
		135B3B96201B7AB9002B2F32 /* Base */ = {isa = PBXFileReference; lastKnownFileType = file.storyboard; name = Base; path = Base.lproj/Main.storyboard; sourceTree = "<group>"; };
		135B3B98201B7AB9002B2F32 /* Assets.xcassets */ = {isa = PBXFileReference; lastKnownFileType = folder.assetcatalog; path = Assets.xcassets; sourceTree = "<group>"; };
		135B3B9B201B7AB9002B2F32 /* Base */ = {isa = PBXFileReference; lastKnownFileType = file.storyboard; name = Base; path = Base.lproj/LaunchScreen.storyboard; sourceTree = "<group>"; };
		135B3B9D201B7AB9002B2F32 /* Info.plist */ = {isa = PBXFileReference; lastKnownFileType = text.plist.xml; path = Info.plist; sourceTree = "<group>"; };
/* End PBXFileReference section */

/* Begin PBXFrameworksBuildPhase section */
		135B3B8B201B7AB9002B2F32 /* Frameworks */ = {
			isa = PBXFrameworksBuildPhase;
			buildActionMask = 2147483647;
			files = (
			);
			runOnlyForDeploymentPostprocessing = 0;
		};
/* End PBXFrameworksBuildPhase section */

/* Begin PBXGroup section */
		135B3B85201B7AB9002B2F32 = {
			isa = PBXGroup;
			children = (
				135B3B90201B7AB9002B2F32 /* HW3WithGitHub */,
				135B3B8F201B7AB9002B2F32 /* Products */,
			);
			sourceTree = "<group>";
		};
		135B3B8F201B7AB9002B2F32 /* Products */ = {
			isa = PBXGroup;
			children = (
				135B3B8E201B7AB9002B2F32 /* HW3WithGitHub.app */,
			);
			name = Products;
			sourceTree = "<group>";
		};
		135B3B90201B7AB9002B2F32 /* HW3WithGitHub */ = {
			isa = PBXGroup;
			children = (
				135B3B91201B7AB9002B2F32 /* AppDelegate.swift */,
				135B3B93201B7AB9002B2F32 /* ViewController.swift */,
				135B3B95201B7AB9002B2F32 /* Main.storyboard */,
				135B3B98201B7AB9002B2F32 /* Assets.xcassets */,
				135B3B9A201B7AB9002B2F32 /* LaunchScreen.storyboard */,
				135B3B9D201B7AB9002B2F32 /* Info.plist */,
			);
			path = HW3WithGitHub;
			sourceTree = "<group>";
		};
/* End PBXGroup section */

/* Begin PBXNativeTarget section */
		135B3B8D201B7AB9002B2F32 /* HW3WithGitHub */ = {
			isa = PBXNativeTarget;
			buildConfigurationList = 135B3BA0201B7AB9002B2F32 /* Build configuration list for PBXNativeTarget "HW3WithGitHub" */;
			buildPhases = (
				135B3B8A201B7AB9002B2F32 /* Sources */,
				135B3B8B201B7AB9002B2F32 /* Frameworks */,
				135B3B8C201B7AB9002B2F32 /* Resources */,
			);
			buildRules = (
			);
			dependencies = (
			);
			name = HW3WithGitHub;
			productName = HW3WithGitHub;
			productReference = 135B3B8E201B7AB9002B2F32 /* HW3WithGitHub.app */;
			productType = "com.apple.product-type.application";
		};
/* End PBXNativeTarget section */

/* Begin PBXProject section */
		135B3B86201B7AB9002B2F32 /* Project object */ = {
			isa = PBXProject;
			attributes = {
				LastSwiftUpdateCheck = 0920;
				LastUpgradeCheck = 0920;
				ORGANIZATIONNAME = "Ann Tsarikovskaya";
				TargetAttributes = {
					135B3B8D201B7AB9002B2F32 = {
						CreatedOnToolsVersion = 9.2;
						ProvisioningStyle = Automatic;
					};
				};
			};
			buildConfigurationList = 135B3B89201B7AB9002B2F32 /* Build configuration list for PBXProject "HW3WithGitHub" */;
			compatibilityVersion = "Xcode 8.0";
			developmentRegion = en;
			hasScannedForEncodings = 0;
			knownRegions = (
				en,
				Base,
			);
			mainGroup = 135B3B85201B7AB9002B2F32;
			productRefGroup = 135B3B8F201B7AB9002B2F32 /* Products */;
			projectDirPath = "";
			projectRoot = "";
			targets = (
				135B3B8D201B7AB9002B2F32 /* HW3WithGitHub */,
			);
		};
/* End PBXProject section */

/* Begin PBXResourcesBuildPhase section */
		135B3B8C201B7AB9002B2F32 /* Resources */ = {
			isa = PBXResourcesBuildPhase;
			buildActionMask = 2147483647;
			files = (
				135B3B9C201B7AB9002B2F32 /* LaunchScreen.storyboard in Resources */,
				135B3B99201B7AB9002B2F32 /* Assets.xcassets in Resources */,
				135B3B97201B7AB9002B2F32 /* Main.storyboard in Resources */,
			);
			runOnlyForDeploymentPostprocessing = 0;
		};
/* End PBXResourcesBuildPhase section */

/* Begin PBXSourcesBuildPhase section */
		135B3B8A201B7AB9002B2F32 /* Sources */ = {
			isa = PBXSourcesBuildPhase;
			buildActionMask = 2147483647;
			files = (
				135B3B94201B7AB9002B2F32 /* ViewController.swift in Sources */,
				135B3B92201B7AB9002B2F32 /* AppDelegate.swift in Sources */,
			);
			runOnlyForDeploymentPostprocessing = 0;
		};
/* End PBXSourcesBuildPhase section */

/* Begin PBXVariantGroup section */
		135B3B95201B7AB9002B2F32 /* Main.storyboard */ = {
			isa = PBXVariantGroup;
			children = (
				135B3B96201B7AB9002B2F32 /* Base */,
			);
			name = Main.storyboard;
			sourceTree = "<group>";
		};
		135B3B9A201B7AB9002B2F32 /* LaunchScreen.storyboard */ = {
			isa = PBXVariantGroup;
			children = (
				135B3B9B201B7AB9002B2F32 /* Base */,
			);
			name = LaunchScreen.storyboard;
			sourceTree = "<group>";
		};
/* End PBXVariantGroup section */

/* Begin XCBuildConfiguration section */
		135B3B9E201B7AB9002B2F32 /* Debug */ = {
			isa = XCBuildConfiguration;
			buildSettings = {
				ALWAYS_SEARCH_USER_PATHS = NO;
				CLANG_ANALYZER_NONNULL = YES;
				CLANG_ANALYZER_NUMBER_OBJECT_CONVERSION = YES_AGGRESSIVE;
				CLANG_CXX_LANGUAGE_STANDARD = "gnu++14";
				CLANG_CXX_LIBRARY = "libc++";
				CLANG_ENABLE_MODULES = YES;
				CLANG_ENABLE_OBJC_ARC = YES;
				CLANG_WARN_BLOCK_CAPTURE_AUTORELEASING = YES;
				CLANG_WARN_BOOL_CONVERSION = YES;
				CLANG_WARN_COMMA = YES;
				CLANG_WARN_CONSTANT_CONVERSION = YES;
				CLANG_WARN_DIRECT_OBJC_ISA_USAGE = YES_ERROR;
				CLANG_WARN_DOCUMENTATION_COMMENTS = YES;
				CLANG_WARN_EMPTY_BODY = YES;
				CLANG_WARN_ENUM_CONVERSION = YES;
				CLANG_WARN_INFINITE_RECURSION = YES;
				CLANG_WARN_INT_CONVERSION = YES;
				CLANG_WARN_NON_LITERAL_NULL_CONVERSION = YES;
				CLANG_WARN_OBJC_LITERAL_CONVERSION = YES;
				CLANG_WARN_OBJC_ROOT_CLASS = YES_ERROR;
				CLANG_WARN_RANGE_LOOP_ANALYSIS = YES;
				CLANG_WARN_STRICT_PROTOTYPES = YES;
				CLANG_WARN_SUSPICIOUS_MOVE = YES;
				CLANG_WARN_UNGUARDED_AVAILABILITY = YES_AGGRESSIVE;
				CLANG_WARN_UNREACHABLE_CODE = YES;
				CLANG_WARN__DUPLICATE_METHOD_MATCH = YES;
				CODE_SIGN_IDENTITY = "iPhone Developer";
				COPY_PHASE_STRIP = NO;
				DEBUG_INFORMATION_FORMAT = dwarf;
				ENABLE_STRICT_OBJC_MSGSEND = YES;
				ENABLE_TESTABILITY = YES;
				GCC_C_LANGUAGE_STANDARD = gnu11;
				GCC_DYNAMIC_NO_PIC = NO;
				GCC_NO_COMMON_BLOCKS = YES;
				GCC_OPTIMIZATION_LEVEL = 0;
				GCC_PREPROCESSOR_DEFINITIONS = (
					"DEBUG=1",
					"$(inherited)",
				);
				GCC_WARN_64_TO_32_BIT_CONVERSION = YES;
				GCC_WARN_ABOUT_RETURN_TYPE = YES_ERROR;
				GCC_WARN_UNDECLARED_SELECTOR = YES;
				GCC_WARN_UNINITIALIZED_AUTOS = YES_AGGRESSIVE;
				GCC_WARN_UNUSED_FUNCTION = YES;
				GCC_WARN_UNUSED_VARIABLE = YES;
				IPHONEOS_DEPLOYMENT_TARGET = 11.2;
				MTL_ENABLE_DEBUG_INFO = YES;
				ONLY_ACTIVE_ARCH = YES;
				SDKROOT = iphoneos;
				SWIFT_ACTIVE_COMPILATION_CONDITIONS = DEBUG;
				SWIFT_OPTIMIZATION_LEVEL = "-Onone";
			};
			name = Debug;
		};
		135B3B9F201B7AB9002B2F32 /* Release */ = {
			isa = XCBuildConfiguration;
			buildSettings = {
				ALWAYS_SEARCH_USER_PATHS = NO;
				CLANG_ANALYZER_NONNULL = YES;
				CLANG_ANALYZER_NUMBER_OBJECT_CONVERSION = YES_AGGRESSIVE;
				CLANG_CXX_LANGUAGE_STANDARD = "gnu++14";
				CLANG_CXX_LIBRARY = "libc++";
				CLANG_ENABLE_MODULES = YES;
				CLANG_ENABLE_OBJC_ARC = YES;
				CLANG_WARN_BLOCK_CAPTURE_AUTORELEASING = YES;
				CLANG_WARN_BOOL_CONVERSION = YES;
				CLANG_WARN_COMMA = YES;
				CLANG_WARN_CONSTANT_CONVERSION = YES;
				CLANG_WARN_DIRECT_OBJC_ISA_USAGE = YES_ERROR;
				CLANG_WARN_DOCUMENTATION_COMMENTS = YES;
				CLANG_WARN_EMPTY_BODY = YES;
				CLANG_WARN_ENUM_CONVERSION = YES;
				CLANG_WARN_INFINITE_RECURSION = YES;
				CLANG_WARN_INT_CONVERSION = YES;
				CLANG_WARN_NON_LITERAL_NULL_CONVERSION = YES;
				CLANG_WARN_OBJC_LITERAL_CONVERSION = YES;
				CLANG_WARN_OBJC_ROOT_CLASS = YES_ERROR;
				CLANG_WARN_RANGE_LOOP_ANALYSIS = YES;
				CLANG_WARN_STRICT_PROTOTYPES = YES;
				CLANG_WARN_SUSPICIOUS_MOVE = YES;
				CLANG_WARN_UNGUARDED_AVAILABILITY = YES_AGGRESSIVE;
				CLANG_WARN_UNREACHABLE_CODE = YES;
				CLANG_WARN__DUPLICATE_METHOD_MATCH = YES;
				CODE_SIGN_IDENTITY = "iPhone Developer";
				COPY_PHASE_STRIP = NO;
				DEBUG_INFORMATION_FORMAT = "dwarf-with-dsym";
				ENABLE_NS_ASSERTIONS = NO;
				ENABLE_STRICT_OBJC_MSGSEND = YES;
				GCC_C_LANGUAGE_STANDARD = gnu11;
				GCC_NO_COMMON_BLOCKS = YES;
				GCC_WARN_64_TO_32_BIT_CONVERSION = YES;
				GCC_WARN_ABOUT_RETURN_TYPE = YES_ERROR;
				GCC_WARN_UNDECLARED_SELECTOR = YES;
				GCC_WARN_UNINITIALIZED_AUTOS = YES_AGGRESSIVE;
				GCC_WARN_UNUSED_FUNCTION = YES;
				GCC_WARN_UNUSED_VARIABLE = YES;
				IPHONEOS_DEPLOYMENT_TARGET = 11.2;
				MTL_ENABLE_DEBUG_INFO = NO;
				SDKROOT = iphoneos;
				SWIFT_OPTIMIZATION_LEVEL = "-Owholemodule";
				VALIDATE_PRODUCT = YES;
			};
			name = Release;
		};
		135B3BA1201B7AB9002B2F32 /* Debug */ = {
			isa = XCBuildConfiguration;
			buildSettings = {
				ASSETCATALOG_COMPILER_APPICON_NAME = AppIcon;
				CODE_SIGN_STYLE = Automatic;
				INFOPLIST_FILE = HW3WithGitHub/Info.plist;
				LD_RUNPATH_SEARCH_PATHS = "$(inherited) @executable_path/Frameworks";
				PRODUCT_BUNDLE_IDENTIFIER = ST.HW3WithGitHub;
				PRODUCT_NAME = "$(TARGET_NAME)";
				SWIFT_VERSION = 4.0;
				TARGETED_DEVICE_FAMILY = "1,2";
			};
			name = Debug;
		};
		135B3BA2201B7AB9002B2F32 /* Release */ = {
			isa = XCBuildConfiguration;
			buildSettings = {
				ASSETCATALOG_COMPILER_APPICON_NAME = AppIcon;
				CODE_SIGN_STYLE = Automatic;
				INFOPLIST_FILE = HW3WithGitHub/Info.plist;
				LD_RUNPATH_SEARCH_PATHS = "$(inherited) @executable_path/Frameworks";
				PRODUCT_BUNDLE_IDENTIFIER = ST.HW3WithGitHub;
				PRODUCT_NAME = "$(TARGET_NAME)";
				SWIFT_VERSION = 4.0;
				TARGETED_DEVICE_FAMILY = "1,2";
			};
			name = Release;
		};
/* End XCBuildConfiguration section */

/* Begin XCConfigurationList section */
		135B3B89201B7AB9002B2F32 /* Build configuration list for PBXProject "HW3WithGitHub" */ = {
			isa = XCConfigurationList;
			buildConfigurations = (
				135B3B9E201B7AB9002B2F32 /* Debug */,
				135B3B9F201B7AB9002B2F32 /* Release */,
			);
			defaultConfigurationIsVisible = 0;
			defaultConfigurationName = Release;
		};
		135B3BA0201B7AB9002B2F32 /* Build configuration list for PBXNativeTarget "HW3WithGitHub" */ = {
			isa = XCConfigurationList;
			buildConfigurations = (
				135B3BA1201B7AB9002B2F32 /* Debug */,
				135B3BA2201B7AB9002B2F32 /* Release */,
			);
			defaultConfigurationIsVisible = 0;
			defaultConfigurationName = Release;
		};
/* End XCConfigurationList section */
	};
	rootObject = 135B3B86201B7AB9002B2F32 /* Project object */;
}
